
Microsoft Visual Studio Solution File, Format Version 12.00
# Visual Studio 15
VisualStudioVersion = 15.0.27004.2009
MinimumVisualStudioVersion = 10.0.40219.1
Project("{FAE04EC0-301F-11D3-BF4B-00C04F79EFBC}") = "InjectionFactory", "InjectionFactory\InjectionFactory.csproj", "{DA209567-8337-4A79-9560-9131E292EF16}"
EndProject
Project("{FAE04EC0-301F-11D3-BF4B-00C04F79EFBC}") = "StaticTest", "StaticTest!\StaticTest.csproj", "{22185D7A-9FCF-4CB6-8D66-6AC00D04D472}"
EndProject
Global
	GlobalSection(SolutionConfigurationPlatforms) = preSolution
		Debug|Any CPU = Debug|Any CPU
		Release|Any CPU = Release|Any CPU
	EndGlobalSection
	GlobalSection(ProjectConfigurationPlatforms) = postSolution
		{DA209567-8337-4A79-9560-9131E292EF16}.Debug|Any CPU.ActiveCfg = Debug|Any CPU
		{DA209567-8337-4A79-9560-9131E292EF16}.Debug|Any CPU.Build.0 = Debug|Any CPU
		{DA209567-8337-4A79-9560-9131E292EF16}.Release|Any CPU.ActiveCfg = Release|Any CPU
		{DA209567-8337-4A79-9560-9131E292EF16}.Release|Any CPU.Build.0 = Release|Any CPU
		{22185D7A-9FCF-4CB6-8D66-6AC00D04D472}.Debug|Any CPU.ActiveCfg = Debug|Any CPU
		{22185D7A-9FCF-4CB6-8D66-6AC00D04D472}.Debug|Any CPU.Build.0 = Debug|Any CPU
		{22185D7A-9FCF-4CB6-8D66-6AC00D04D472}.Release|Any CPU.ActiveCfg = Release|Any CPU
		{22185D7A-9FCF-4CB6-8D66-6AC00D04D472}.Release|Any CPU.Build.0 = Release|Any CPU
	EndGlobalSection
	GlobalSection(SolutionProperties) = preSolution
		HideSolutionNode = FALSE
	EndGlobalSection
	GlobalSection(ExtensibilityGlobals) = postSolution
		SolutionGuid = {2935B091-7A14-4387-99E6-3E42BF3C8FCC}
	EndGlobalSection
EndGlobal
